
Microsoft Visual Studio Solution File, Format Version 12.00
# Visual Studio Version 17
VisualStudioVersion = 17.5.002.0
MinimumVisualStudioVersion = 10.0.40219.1
Project("{9A19103F-16F7-4668-BE54-9A1E7A4F7556}") = "myRestEndpoint", "myRestEndpoint.csproj", "{560F8FC2-EBFD-4949-ACCA-6AD2152C5D92}"
EndProject
Project("{9A19103F-16F7-4668-BE54-9A1E7A4F7556}") = "myVector", "myVector.csproj", "{D066FDFD-F785-449C-A14C-7E7C115719C6}"
EndProject
Global
	GlobalSection(SolutionConfigurationPlatforms) = preSolution
		Debug|Any CPU = Debug|Any CPU
		Release|Any CPU = Release|Any CPU
	EndGlobalSection
	GlobalSection(ProjectConfigurationPlatforms) = postSolution
		{560F8FC2-EBFD-4949-ACCA-6AD2152C5D92}.Debug|Any CPU.ActiveCfg = Debug|Any CPU
		{560F8FC2-EBFD-4949-ACCA-6AD2152C5D92}.Debug|Any CPU.Build.0 = Debug|Any CPU
		{560F8FC2-EBFD-4949-ACCA-6AD2152C5D92}.Release|Any CPU.ActiveCfg = Release|Any CPU
		{560F8FC2-EBFD-4949-ACCA-6AD2152C5D92}.Release|Any CPU.Build.0 = Release|Any CPU
		{D066FDFD-F785-449C-A14C-7E7C115719C6}.Debug|Any CPU.ActiveCfg = Debug|Any CPU
		{D066FDFD-F785-449C-A14C-7E7C115719C6}.Debug|Any CPU.Build.0 = Debug|Any CPU
		{D066FDFD-F785-449C-A14C-7E7C115719C6}.Release|Any CPU.ActiveCfg = Release|Any CPU
		{D066FDFD-F785-449C-A14C-7E7C115719C6}.Release|Any CPU.Build.0 = Release|Any CPU
	EndGlobalSection
	GlobalSection(SolutionProperties) = preSolution
		HideSolutionNode = FALSE
	EndGlobalSection
	GlobalSection(ExtensibilityGlobals) = postSolution
		SolutionGuid = {EF384612-03FC-4A04-B0F2-E4008DF7C752}
	EndGlobalSection
EndGlobal
